# This file is automatically @generated by Poetry 1.8.4 and should not be changed by hand.

[[package]]
name = "pip"
version = "24.3.1"
description = "The PyPA recommended tool for installing Python packages."
optional = false
python-versions = ">=3.8"
files = [
    {file = "pip-24.3.1-py3-none-any.whl", hash = "sha256:3790624780082365f47549d032f3770eeb2b1e8bd1f7b2e02dace1afa361b4ed"},
    {file = "pip-24.3.1.tar.gz", hash = "sha256:ebcb60557f2aefabc2e0f918751cd24ea0d56d8ec5445fe1807f1d2109660b99"},
]

[metadata]
lock-version = "2.0"
python-versions = "^3.12"
content-hash = "f137e1004cebea9f541c303bf344fa954323c7176203c6dbd53a79dcc6c65995"
